
Microsoft Visual Studio Solution File, Format Version 12.00
# Visual Studio Version 17
VisualStudioVersion = 17.8.34330.188
MinimumVisualStudioVersion = 10.0.40219.1
Project("{FAE04EC0-301F-11D3-BF4B-00C04F79EFBC}") = "Codeweek", "Codeweek.csproj", "{020F92E1-5974-41DA-99DA-D7E94B077BCC}"
EndProject
Project("{FAE04EC0-301F-11D3-BF4B-00C04F79EFBC}") = "CodeweekWeb", "..\CodeweekWeb\CodeweekWeb.csproj", "{BBBB00CA-FCBF-4A19-AC93-6F516E3A7040}"
EndProject
Global
	GlobalSection(SolutionConfigurationPlatforms) = preSolution
		Debug|Any CPU = Debug|Any CPU
		Release|Any CPU = Release|Any CPU
	EndGlobalSection
	GlobalSection(ProjectConfigurationPlatforms) = postSolution
		{020F92E1-5974-41DA-99DA-D7E94B077BCC}.Debug|Any CPU.ActiveCfg = Debug|Any CPU
		{020F92E1-5974-41DA-99DA-D7E94B077BCC}.Debug|Any CPU.Build.0 = Debug|Any CPU
		{020F92E1-5974-41DA-99DA-D7E94B077BCC}.Debug|Any CPU.Deploy.0 = Debug|Any CPU
		{020F92E1-5974-41DA-99DA-D7E94B077BCC}.Release|Any CPU.ActiveCfg = Release|Any CPU
		{020F92E1-5974-41DA-99DA-D7E94B077BCC}.Release|Any CPU.Build.0 = Release|Any CPU
		{020F92E1-5974-41DA-99DA-D7E94B077BCC}.Release|Any CPU.Deploy.0 = Release|Any CPU
		{BBBB00CA-FCBF-4A19-AC93-6F516E3A7040}.Debug|Any CPU.ActiveCfg = Debug|Any CPU
		{BBBB00CA-FCBF-4A19-AC93-6F516E3A7040}.Debug|Any CPU.Build.0 = Debug|Any CPU
		{BBBB00CA-FCBF-4A19-AC93-6F516E3A7040}.Release|Any CPU.ActiveCfg = Release|Any CPU
		{BBBB00CA-FCBF-4A19-AC93-6F516E3A7040}.Release|Any CPU.Build.0 = Release|Any CPU
	EndGlobalSection
	GlobalSection(SolutionProperties) = preSolution
		HideSolutionNode = FALSE
	EndGlobalSection
	GlobalSection(ExtensibilityGlobals) = postSolution
		SolutionGuid = {3CAE6DD6-D250-4561-B420-71B3C06A369C}
	EndGlobalSection
EndGlobal
